<Solution>
  <Folder Name="/src/">
    <Project Path="src/APP.SERILOG/APP.SERILOG.csproj" />
    <Project Path="src/IdCard.API/IdCard.API.csproj" />
    <Project Path="src/IdCard.Application/IdCard.Application.csproj" />
    <Project Path="src/IdCard.Domain/IdCard.Domain.csproj" />
    <Project Path="src/IdCard.Infrastructure/IdCard.Infrastructure.csproj" />
  </Folder>
</Solution>
